
Microsoft Visual Studio Solution File, Format Version 12.00
# Visual Studio 15
VisualStudioVersion = 15.0.28010.2048
MinimumVisualStudioVersion = 10.0.40219.1
Project("{FAE04EC0-301F-11D3-BF4B-00C04F79EFBC}") = "WebApplication6", "WebApplication6\WebApplication6.csproj", "{04B5188B-0B85-43EA-804A-0E76A4600CF1}"
EndProject
Global
	GlobalSection(SolutionConfigurationPlatforms) = preSolution
		Debug|Any CPU = Debug|Any CPU
		Release|Any CPU = Release|Any CPU
	EndGlobalSection
	GlobalSection(ProjectConfigurationPlatforms) = postSolution
		{04B5188B-0B85-43EA-804A-0E76A4600CF1}.Debug|Any CPU.ActiveCfg = Debug|Any CPU
		{04B5188B-0B85-43EA-804A-0E76A4600CF1}.Debug|Any CPU.Build.0 = Debug|Any CPU
		{04B5188B-0B85-43EA-804A-0E76A4600CF1}.Release|Any CPU.ActiveCfg = Release|Any CPU
		{04B5188B-0B85-43EA-804A-0E76A4600CF1}.Release|Any CPU.Build.0 = Release|Any CPU
	EndGlobalSection
	GlobalSection(SolutionProperties) = preSolution
		HideSolutionNode = FALSE
	EndGlobalSection
	GlobalSection(ExtensibilityGlobals) = postSolution
		SolutionGuid = {126027F3-1134-4F42-A4F8-C68324FA4118}
	EndGlobalSection
EndGlobal
